
Microsoft Visual Studio Solution File, Format Version 12.00
# Visual Studio Version 17
VisualStudioVersion = 17.7.34024.191
MinimumVisualStudioVersion = 10.0.40219.1
Project("{9A19103F-16F7-4668-BE54-9A1E7A4F7556}") = "DMX512_analyzator", "DMX512_analyzator\DMX512_analyzator.csproj", "{38E41157-6809-45F5-A8D7-A6A96F860D03}"
EndProject
Project("{FAE04EC0-301F-11D3-BF4B-00C04F79EFBC}") = "protokolDMX512", "protokolDMX512\protokolDMX512.csproj", "{EB04D742-43B4-4733-A6AE-452BB1C53A8F}"
EndProject
Global
	GlobalSection(SolutionConfigurationPlatforms) = preSolution
		Debug|Any CPU = Debug|Any CPU
		Release|Any CPU = Release|Any CPU
	EndGlobalSection
	GlobalSection(ProjectConfigurationPlatforms) = postSolution
		{38E41157-6809-45F5-A8D7-A6A96F860D03}.Debug|Any CPU.ActiveCfg = Debug|Any CPU
		{38E41157-6809-45F5-A8D7-A6A96F860D03}.Debug|Any CPU.Build.0 = Debug|Any CPU
		{38E41157-6809-45F5-A8D7-A6A96F860D03}.Release|Any CPU.ActiveCfg = Release|Any CPU
		{38E41157-6809-45F5-A8D7-A6A96F860D03}.Release|Any CPU.Build.0 = Release|Any CPU
		{EB04D742-43B4-4733-A6AE-452BB1C53A8F}.Debug|Any CPU.ActiveCfg = Debug|Any CPU
		{EB04D742-43B4-4733-A6AE-452BB1C53A8F}.Debug|Any CPU.Build.0 = Debug|Any CPU
		{EB04D742-43B4-4733-A6AE-452BB1C53A8F}.Release|Any CPU.ActiveCfg = Release|Any CPU
		{EB04D742-43B4-4733-A6AE-452BB1C53A8F}.Release|Any CPU.Build.0 = Release|Any CPU
	EndGlobalSection
	GlobalSection(SolutionProperties) = preSolution
		HideSolutionNode = FALSE
	EndGlobalSection
	GlobalSection(ExtensibilityGlobals) = postSolution
		SolutionGuid = {C36F2401-2DEF-410B-9FFD-D8D0F1FCA512}
	EndGlobalSection
EndGlobal
